// !$*UTF8*$!
{
	archiveVersion = 1;
	classes = {
	};
	objectVersion = 50;
	objects = {

/* Begin PBXBuildFile section */
		3A6921A126F9B5AF0030B19A /* main.c in Sources */ = {isa = PBXBuildFile; fileRef = 3A6921A026F9B5AF0030B19A /* main.c */; };
		3A6921A926F9B6310030B19A /* module.c in Sources */ = {isa = PBXBuildFile; fileRef = 3A6921A826F9B6310030B19A /* module.c */; };
		3A6921AC26F9B7A80030B19A /* utils.c in Sources */ = {isa = PBXBuildFile; fileRef = 3A6921AB26F9B7A80030B19A /* utils.c */; };
		3A6921B2270218370030B19A /* interpreter.c in Sources */ = {isa = PBXBuildFile; fileRef = 3A6921B1270218370030B19A /* interpreter.c */; };
		3A6921B5270218930030B19A /* libreadline.tbd in Frameworks */ = {isa = PBXBuildFile; fileRef = 3A6921B4270218870030B19A /* libreadline.tbd */; };
/* End PBXBuildFile section */

/* Begin PBXCopyFilesBuildPhase section */
		3A69219B26F9B5AF0030B19A /* CopyFiles */ = {
			isa = PBXCopyFilesBuildPhase;
			buildActionMask = 2147483647;
			dstPath = /usr/share/man/man1/;
			dstSubfolderSpec = 0;
			files = (
			);
			runOnlyForDeploymentPostprocessing = 1;
		};
/* End PBXCopyFilesBuildPhase section */

/* Begin PBXFileReference section */
		3A69219D26F9B5AF0030B19A /* wasm */ = {isa = PBXFileReference; explicitFileType = "compiled.mach-o.executable"; includeInIndex = 0; path = wasm; sourceTree = BUILT_PRODUCTS_DIR; };
		3A6921A026F9B5AF0030B19A /* main.c */ = {isa = PBXFileReference; lastKnownFileType = sourcecode.c.c; path = main.c; sourceTree = "<group>"; };
		3A6921A726F9B6310030B19A /* module.h */ = {isa = PBXFileReference; lastKnownFileType = sourcecode.c.h; path = module.h; sourceTree = "<group>"; };
		3A6921A826F9B6310030B19A /* module.c */ = {isa = PBXFileReference; lastKnownFileType = sourcecode.c.c; path = module.c; sourceTree = "<group>"; };
		3A6921AA26F9B7A80030B19A /* utils.h */ = {isa = PBXFileReference; lastKnownFileType = sourcecode.c.h; path = utils.h; sourceTree = "<group>"; };
		3A6921AB26F9B7A80030B19A /* utils.c */ = {isa = PBXFileReference; lastKnownFileType = sourcecode.c.c; path = utils.c; sourceTree = "<group>"; };
		3A6921AD270217FD0030B19A /* opcode.h */ = {isa = PBXFileReference; lastKnownFileType = sourcecode.c.h; path = opcode.h; sourceTree = "<group>"; };
		3A6921B0270218370030B19A /* interpreter.h */ = {isa = PBXFileReference; lastKnownFileType = sourcecode.c.h; path = interpreter.h; sourceTree = "<group>"; };
		3A6921B1270218370030B19A /* interpreter.c */ = {isa = PBXFileReference; lastKnownFileType = sourcecode.c.c; path = interpreter.c; sourceTree = "<group>"; };
		3A6921B4270218870030B19A /* libreadline.tbd */ = {isa = PBXFileReference; lastKnownFileType = "sourcecode.text-based-dylib-definition"; name = libreadline.tbd; path = usr/lib/libreadline.tbd; sourceTree = SDKROOT; };
/* End PBXFileReference section */

/* Begin PBXFrameworksBuildPhase section */
		3A69219A26F9B5AF0030B19A /* Frameworks */ = {
			isa = PBXFrameworksBuildPhase;
			buildActionMask = 2147483647;
			files = (
				3A6921B5270218930030B19A /* libreadline.tbd in Frameworks */,
			);
			runOnlyForDeploymentPostprocessing = 0;
		};
/* End PBXFrameworksBuildPhase section */

/* Begin PBXGroup section */
		3A69219426F9B5AF0030B19A = {
			isa = PBXGroup;
			children = (
				3A69219F26F9B5AF0030B19A /* wasm */,
				3A69219E26F9B5AF0030B19A /* Products */,
				3A6921B3270218870030B19A /* Frameworks */,
			);
			sourceTree = "<group>";
		};
		3A69219E26F9B5AF0030B19A /* Products */ = {
			isa = PBXGroup;
			children = (
				3A69219D26F9B5AF0030B19A /* wasm */,
			);
			name = Products;
			sourceTree = "<group>";
		};
		3A69219F26F9B5AF0030B19A /* wasm */ = {
			isa = PBXGroup;
			children = (
				3A6921A026F9B5AF0030B19A /* main.c */,
				3A6921A726F9B6310030B19A /* module.h */,
				3A6921A826F9B6310030B19A /* module.c */,
				3A6921AD270217FD0030B19A /* opcode.h */,
				3A6921AA26F9B7A80030B19A /* utils.h */,
				3A6921AB26F9B7A80030B19A /* utils.c */,
				3A6921B0270218370030B19A /* interpreter.h */,
				3A6921B1270218370030B19A /* interpreter.c */,
			);
			path = wasm;
			sourceTree = "<group>";
		};
		3A6921B3270218870030B19A /* Frameworks */ = {
			isa = PBXGroup;
			children = (
				3A6921B4270218870030B19A /* libreadline.tbd */,
			);
			name = Frameworks;
			sourceTree = "<group>";
		};
/* End PBXGroup section */

/* Begin PBXNativeTarget section */
		3A69219C26F9B5AF0030B19A /* wasm */ = {
			isa = PBXNativeTarget;
			buildConfigurationList = 3A6921A426F9B5AF0030B19A /* Build configuration list for PBXNativeTarget "wasm" */;
			buildPhases = (
				3A69219926F9B5AF0030B19A /* Sources */,
				3A69219A26F9B5AF0030B19A /* Frameworks */,
				3A69219B26F9B5AF0030B19A /* CopyFiles */,
			);
			buildRules = (
			);
			dependencies = (
			);
			name = wasm;
			productName = wasm;
			productReference = 3A69219D26F9B5AF0030B19A /* wasm */;
			productType = "com.apple.product-type.tool";
		};
/* End PBXNativeTarget section */

/* Begin PBXProject section */
		3A69219526F9B5AF0030B19A /* Project object */ = {
			isa = PBXProject;
			attributes = {
				LastUpgradeCheck = 1140;
				ORGANIZATIONNAME = roy;
				TargetAttributes = {
					3A69219C26F9B5AF0030B19A = {
						CreatedOnToolsVersion = 11.4.1;
					};
				};
			};
			buildConfigurationList = 3A69219826F9B5AF0030B19A /* Build configuration list for PBXProject "wasm" */;
			compatibilityVersion = "Xcode 9.3";
			developmentRegion = en;
			hasScannedForEncodings = 0;
			knownRegions = (
				en,
				Base,
			);
			mainGroup = 3A69219426F9B5AF0030B19A;
			productRefGroup = 3A69219E26F9B5AF0030B19A /* Products */;
			projectDirPath = "";
			projectRoot = "";
			targets = (
				3A69219C26F9B5AF0030B19A /* wasm */,
			);
		};
/* End PBXProject section */

/* Begin PBXSourcesBuildPhase section */
		3A69219926F9B5AF0030B19A /* Sources */ = {
			isa = PBXSourcesBuildPhase;
			buildActionMask = 2147483647;
			files = (
				3A6921A126F9B5AF0030B19A /* main.c in Sources */,
				3A6921AC26F9B7A80030B19A /* utils.c in Sources */,
				3A6921B2270218370030B19A /* interpreter.c in Sources */,
				3A6921A926F9B6310030B19A /* module.c in Sources */,
			);
			runOnlyForDeploymentPostprocessing = 0;
		};
/* End PBXSourcesBuildPhase section */

/* Begin XCBuildConfiguration section */
		3A6921A226F9B5AF0030B19A /* Debug */ = {
			isa = XCBuildConfiguration;
			buildSettings = {
				ALWAYS_SEARCH_USER_PATHS = NO;
				CLANG_ANALYZER_NONNULL = YES;
				CLANG_ANALYZER_NUMBER_OBJECT_CONVERSION = YES_AGGRESSIVE;
				CLANG_CXX_LANGUAGE_STANDARD = "gnu++14";
				CLANG_CXX_LIBRARY = "libc++";
				CLANG_ENABLE_MODULES = YES;
				CLANG_ENABLE_OBJC_ARC = YES;
				CLANG_ENABLE_OBJC_WEAK = YES;
				CLANG_WARN_BLOCK_CAPTURE_AUTORELEASING = YES;
				CLANG_WARN_BOOL_CONVERSION = YES;
				CLANG_WARN_COMMA = YES;
				CLANG_WARN_CONSTANT_CONVERSION = YES;
				CLANG_WARN_DEPRECATED_OBJC_IMPLEMENTATIONS = YES;
				CLANG_WARN_DIRECT_OBJC_ISA_USAGE = YES_ERROR;
				CLANG_WARN_DOCUMENTATION_COMMENTS = YES;
				CLANG_WARN_EMPTY_BODY = YES;
				CLANG_WARN_ENUM_CONVERSION = YES;
				CLANG_WARN_INFINITE_RECURSION = YES;
				CLANG_WARN_INT_CONVERSION = YES;
				CLANG_WARN_NON_LITERAL_NULL_CONVERSION = YES;
				CLANG_WARN_OBJC_IMPLICIT_RETAIN_SELF = YES;
				CLANG_WARN_OBJC_LITERAL_CONVERSION = YES;
				CLANG_WARN_OBJC_ROOT_CLASS = YES_ERROR;
				CLANG_WARN_RANGE_LOOP_ANALYSIS = YES;
				CLANG_WARN_STRICT_PROTOTYPES = YES;
				CLANG_WARN_SUSPICIOUS_MOVE = YES;
				CLANG_WARN_UNGUARDED_AVAILABILITY = YES_AGGRESSIVE;
				CLANG_WARN_UNREACHABLE_CODE = YES;
				CLANG_WARN__DUPLICATE_METHOD_MATCH = YES;
				COPY_PHASE_STRIP = NO;
				DEBUG_INFORMATION_FORMAT = dwarf;
				ENABLE_STRICT_OBJC_MSGSEND = YES;
				ENABLE_TESTABILITY = YES;
				GCC_C_LANGUAGE_STANDARD = gnu11;
				GCC_DYNAMIC_NO_PIC = NO;
				GCC_NO_COMMON_BLOCKS = YES;
				GCC_OPTIMIZATION_LEVEL = 0;
				GCC_PREPROCESSOR_DEFINITIONS = (
					"DEBUG=1",
					"$(inherited)",
				);
				GCC_WARN_64_TO_32_BIT_CONVERSION = YES;
				GCC_WARN_ABOUT_RETURN_TYPE = YES_ERROR;
				GCC_WARN_UNDECLARED_SELECTOR = YES;
				GCC_WARN_UNINITIALIZED_AUTOS = YES_AGGRESSIVE;
				GCC_WARN_UNUSED_FUNCTION = YES;
				GCC_WARN_UNUSED_VARIABLE = YES;
				MACOSX_DEPLOYMENT_TARGET = 10.15;
				MTL_ENABLE_DEBUG_INFO = INCLUDE_SOURCE;
				MTL_FAST_MATH = YES;
				ONLY_ACTIVE_ARCH = YES;
				SDKROOT = macosx;
			};
			name = Debug;
		};
		3A6921A326F9B5AF0030B19A /* Release */ = {
			isa = XCBuildConfiguration;
			buildSettings = {
				ALWAYS_SEARCH_USER_PATHS = NO;
				CLANG_ANALYZER_NONNULL = YES;
				CLANG_ANALYZER_NUMBER_OBJECT_CONVERSION = YES_AGGRESSIVE;
				CLANG_CXX_LANGUAGE_STANDARD = "gnu++14";
				CLANG_CXX_LIBRARY = "libc++";
				CLANG_ENABLE_MODULES = YES;
				CLANG_ENABLE_OBJC_ARC = YES;
				CLANG_ENABLE_OBJC_WEAK = YES;
				CLANG_WARN_BLOCK_CAPTURE_AUTORELEASING = YES;
				CLANG_WARN_BOOL_CONVERSION = YES;
				CLANG_WARN_COMMA = YES;
				CLANG_WARN_CONSTANT_CONVERSION = YES;
				CLANG_WARN_DEPRECATED_OBJC_IMPLEMENTATIONS = YES;
				CLANG_WARN_DIRECT_OBJC_ISA_USAGE = YES_ERROR;
				CLANG_WARN_DOCUMENTATION_COMMENTS = YES;
				CLANG_WARN_EMPTY_BODY = YES;
				CLANG_WARN_ENUM_CONVERSION = YES;
				CLANG_WARN_INFINITE_RECURSION = YES;
				CLANG_WARN_INT_CONVERSION = YES;
				CLANG_WARN_NON_LITERAL_NULL_CONVERSION = YES;
				CLANG_WARN_OBJC_IMPLICIT_RETAIN_SELF = YES;
				CLANG_WARN_OBJC_LITERAL_CONVERSION = YES;
				CLANG_WARN_OBJC_ROOT_CLASS = YES_ERROR;
				CLANG_WARN_RANGE_LOOP_ANALYSIS = YES;
				CLANG_WARN_STRICT_PROTOTYPES = YES;
				CLANG_WARN_SUSPICIOUS_MOVE = YES;
				CLANG_WARN_UNGUARDED_AVAILABILITY = YES_AGGRESSIVE;
				CLANG_WARN_UNREACHABLE_CODE = YES;
				CLANG_WARN__DUPLICATE_METHOD_MATCH = YES;
				COPY_PHASE_STRIP = NO;
				DEBUG_INFORMATION_FORMAT = "dwarf-with-dsym";
				ENABLE_NS_ASSERTIONS = NO;
				ENABLE_STRICT_OBJC_MSGSEND = YES;
				GCC_C_LANGUAGE_STANDARD = gnu11;
				GCC_NO_COMMON_BLOCKS = YES;
				GCC_WARN_64_TO_32_BIT_CONVERSION = YES;
				GCC_WARN_ABOUT_RETURN_TYPE = YES_ERROR;
				GCC_WARN_UNDECLARED_SELECTOR = YES;
				GCC_WARN_UNINITIALIZED_AUTOS = YES_AGGRESSIVE;
				GCC_WARN_UNUSED_FUNCTION = YES;
				GCC_WARN_UNUSED_VARIABLE = YES;
				MACOSX_DEPLOYMENT_TARGET = 10.15;
				MTL_ENABLE_DEBUG_INFO = NO;
				MTL_FAST_MATH = YES;
				SDKROOT = macosx;
			};
			name = Release;
		};
		3A6921A526F9B5AF0030B19A /* Debug */ = {
			isa = XCBuildConfiguration;
			buildSettings = {
				CODE_SIGN_IDENTITY = "-";
				CODE_SIGN_STYLE = Automatic;
				DEVELOPMENT_TEAM = 383JBC67ZD;
				ENABLE_HARDENED_RUNTIME = YES;
				PRODUCT_NAME = "$(TARGET_NAME)";
			};
			name = Debug;
		};
		3A6921A626F9B5AF0030B19A /* Release */ = {
			isa = XCBuildConfiguration;
			buildSettings = {
				CODE_SIGN_STYLE = Automatic;
				DEVELOPMENT_TEAM = 383JBC67ZD;
				ENABLE_HARDENED_RUNTIME = YES;
				PRODUCT_NAME = "$(TARGET_NAME)";
			};
			name = Release;
		};
/* End XCBuildConfiguration section */

/* Begin XCConfigurationList section */
		3A69219826F9B5AF0030B19A /* Build configuration list for PBXProject "wasm" */ = {
			isa = XCConfigurationList;
			buildConfigurations = (
				3A6921A226F9B5AF0030B19A /* Debug */,
				3A6921A326F9B5AF0030B19A /* Release */,
			);
			defaultConfigurationIsVisible = 0;
			defaultConfigurationName = Release;
		};
		3A6921A426F9B5AF0030B19A /* Build configuration list for PBXNativeTarget "wasm" */ = {
			isa = XCConfigurationList;
			buildConfigurations = (
				3A6921A526F9B5AF0030B19A /* Debug */,
				3A6921A626F9B5AF0030B19A /* Release */,
			);
			defaultConfigurationIsVisible = 0;
			defaultConfigurationName = Release;
		};
/* End XCConfigurationList section */
	};
	rootObject = 3A69219526F9B5AF0030B19A /* Project object */;
}
